
Microsoft Visual Studio Solution File, Format Version 12.00
# Visual Studio Version 17
VisualStudioVersion = 17.3.32825.248
MinimumVisualStudioVersion = 10.0.40219.1
Project("{FAE04EC0-301F-11D3-BF4B-00C04F79EFBC}") = "Regression.1.WinForms", "Regression.1.WinForms\Regression.1.WinForms.csproj", "{EBDC6674-147B-491C-B036-5195789CEABF}"
EndProject
Global
	GlobalSection(SolutionConfigurationPlatforms) = preSolution
		Debug|Any CPU = Debug|Any CPU
		Release|Any CPU = Release|Any CPU
	EndGlobalSection
	GlobalSection(ProjectConfigurationPlatforms) = postSolution
		{EBDC6674-147B-491C-B036-5195789CEABF}.Debug|Any CPU.ActiveCfg = Debug|Any CPU
		{EBDC6674-147B-491C-B036-5195789CEABF}.Debug|Any CPU.Build.0 = Debug|Any CPU
		{EBDC6674-147B-491C-B036-5195789CEABF}.Release|Any CPU.ActiveCfg = Release|Any CPU
		{EBDC6674-147B-491C-B036-5195789CEABF}.Release|Any CPU.Build.0 = Release|Any CPU
	EndGlobalSection
	GlobalSection(SolutionProperties) = preSolution
		HideSolutionNode = FALSE
	EndGlobalSection
	GlobalSection(ExtensibilityGlobals) = postSolution
		SolutionGuid = {1EF42C77-5013-4216-8215-8BF8AAA9C641}
	EndGlobalSection
EndGlobal
